
Microsoft Visual Studio Solution File, Format Version 12.00
# Visual Studio Version 16
VisualStudioVersion = 16.0.31729.503
MinimumVisualStudioVersion = 10.0.40219.1
Project("{888888A0-9F3D-457C-B088-3A5042F75D52}") = "PythonExerciseXVI", "PythonExerciseXVI.pyproj", "{F7A743AD-665B-4045-A59F-C92AEDF2317F}"
EndProject
Global
	GlobalSection(SolutionConfigurationPlatforms) = preSolution
		Debug|Any CPU = Debug|Any CPU
		Release|Any CPU = Release|Any CPU
	EndGlobalSection
	GlobalSection(ProjectConfigurationPlatforms) = postSolution
		{F7A743AD-665B-4045-A59F-C92AEDF2317F}.Debug|Any CPU.ActiveCfg = Debug|Any CPU
		{F7A743AD-665B-4045-A59F-C92AEDF2317F}.Debug|Any CPU.Build.0 = Debug|Any CPU
		{F7A743AD-665B-4045-A59F-C92AEDF2317F}.Release|Any CPU.ActiveCfg = Release|Any CPU
		{F7A743AD-665B-4045-A59F-C92AEDF2317F}.Release|Any CPU.Build.0 = Release|Any CPU
	EndGlobalSection
	GlobalSection(SolutionProperties) = preSolution
		HideSolutionNode = FALSE
	EndGlobalSection
	GlobalSection(ExtensibilityGlobals) = postSolution
		SolutionGuid = {B4ECBD6C-81DB-4FBF-83E8-FF9DFBE30FA6}
	EndGlobalSection
EndGlobal
